
Microsoft Visual Studio Solution File, Format Version 12.00
# Visual Studio 2013
VisualStudioVersion = 12.0.21005.1
MinimumVisualStudioVersion = 10.0.40219.1
Project("{FAE04EC0-301F-11D3-BF4B-00C04F79EFBC}") = "Schibsted.WebAPI", "Schibsted\Schibsted.WebAPI.csproj", "{390F205A-F182-4586-B058-307190AA08CE}"
EndProject
Project("{FAE04EC0-301F-11D3-BF4B-00C04F79EFBC}") = "Schibsted.Tests", "Schibsted.Tests\Schibsted.Tests.csproj", "{1E53FDF0-C2AB-4A49-8D7F-D363E41FE7AC}"
EndProject
Project("{2150E333-8FDC-42A3-9474-1A3956D46DE8}") = "Domain", "Domain", "{630ABB3E-482A-41A7-A35D-933244A59B57}"
EndProject
Project("{FAE04EC0-301F-11D3-BF4B-00C04F79EFBC}") = "Schibsted.Domain", "Schibsted.Domain\Schibsted.Domain.csproj", "{72DE6093-C1DD-4066-81DE-2EDA635210D1}"
EndProject
Project("{FAE04EC0-301F-11D3-BF4B-00C04F79EFBC}") = "Schibsted.Service", "Schibsted.Service\Schibsted.Service.csproj", "{CFBEE979-13C8-41FF-B912-D0EE7D6453E5}"
EndProject
Project("{FAE04EC0-301F-11D3-BF4B-00C04F79EFBC}") = "Schibsted.WebSPA", "Schibsted.Web\Schibsted.WebSPA.csproj", "{C02D89F5-D0B7-47F4-8881-3E5B24A466DB}"
EndProject
Project("{2150E333-8FDC-42A3-9474-1A3956D46DE8}") = "Test", "Test", "{ED5A6DF3-19F6-45DD-95B8-F3E2821022D3}"
EndProject
Project("{2150E333-8FDC-42A3-9474-1A3956D46DE8}") = "web", "web", "{12070547-C06A-4C20-AB98-C6697698D68A}"
EndProject
Global
	GlobalSection(SolutionConfigurationPlatforms) = preSolution
		Debug|Any CPU = Debug|Any CPU
		Release|Any CPU = Release|Any CPU
	EndGlobalSection
	GlobalSection(ProjectConfigurationPlatforms) = postSolution
		{390F205A-F182-4586-B058-307190AA08CE}.Debug|Any CPU.ActiveCfg = Debug|Any CPU
		{390F205A-F182-4586-B058-307190AA08CE}.Debug|Any CPU.Build.0 = Debug|Any CPU
		{390F205A-F182-4586-B058-307190AA08CE}.Release|Any CPU.ActiveCfg = Release|Any CPU
		{390F205A-F182-4586-B058-307190AA08CE}.Release|Any CPU.Build.0 = Release|Any CPU
		{1E53FDF0-C2AB-4A49-8D7F-D363E41FE7AC}.Debug|Any CPU.ActiveCfg = Debug|Any CPU
		{1E53FDF0-C2AB-4A49-8D7F-D363E41FE7AC}.Debug|Any CPU.Build.0 = Debug|Any CPU
		{1E53FDF0-C2AB-4A49-8D7F-D363E41FE7AC}.Release|Any CPU.ActiveCfg = Release|Any CPU
		{1E53FDF0-C2AB-4A49-8D7F-D363E41FE7AC}.Release|Any CPU.Build.0 = Release|Any CPU
		{72DE6093-C1DD-4066-81DE-2EDA635210D1}.Debug|Any CPU.ActiveCfg = Debug|Any CPU
		{72DE6093-C1DD-4066-81DE-2EDA635210D1}.Debug|Any CPU.Build.0 = Debug|Any CPU
		{72DE6093-C1DD-4066-81DE-2EDA635210D1}.Release|Any CPU.ActiveCfg = Release|Any CPU
		{72DE6093-C1DD-4066-81DE-2EDA635210D1}.Release|Any CPU.Build.0 = Release|Any CPU
		{CFBEE979-13C8-41FF-B912-D0EE7D6453E5}.Debug|Any CPU.ActiveCfg = Debug|Any CPU
		{CFBEE979-13C8-41FF-B912-D0EE7D6453E5}.Debug|Any CPU.Build.0 = Debug|Any CPU
		{CFBEE979-13C8-41FF-B912-D0EE7D6453E5}.Release|Any CPU.ActiveCfg = Release|Any CPU
		{CFBEE979-13C8-41FF-B912-D0EE7D6453E5}.Release|Any CPU.Build.0 = Release|Any CPU
		{C02D89F5-D0B7-47F4-8881-3E5B24A466DB}.Debug|Any CPU.ActiveCfg = Debug|Any CPU
		{C02D89F5-D0B7-47F4-8881-3E5B24A466DB}.Debug|Any CPU.Build.0 = Debug|Any CPU
		{C02D89F5-D0B7-47F4-8881-3E5B24A466DB}.Release|Any CPU.ActiveCfg = Release|Any CPU
		{C02D89F5-D0B7-47F4-8881-3E5B24A466DB}.Release|Any CPU.Build.0 = Release|Any CPU
	EndGlobalSection
	GlobalSection(SolutionProperties) = preSolution
		HideSolutionNode = FALSE
	EndGlobalSection
	GlobalSection(NestedProjects) = preSolution
		{72DE6093-C1DD-4066-81DE-2EDA635210D1} = {630ABB3E-482A-41A7-A35D-933244A59B57}
		{CFBEE979-13C8-41FF-B912-D0EE7D6453E5} = {630ABB3E-482A-41A7-A35D-933244A59B57}
		{1E53FDF0-C2AB-4A49-8D7F-D363E41FE7AC} = {ED5A6DF3-19F6-45DD-95B8-F3E2821022D3}
		{C02D89F5-D0B7-47F4-8881-3E5B24A466DB} = {12070547-C06A-4C20-AB98-C6697698D68A}
		{390F205A-F182-4586-B058-307190AA08CE} = {12070547-C06A-4C20-AB98-C6697698D68A}
	EndGlobalSection
EndGlobal
